
Microsoft Visual Studio Solution File, Format Version 12.00
# Visual Studio Version 17
VisualStudioVersion = 17.9.34616.47
MinimumVisualStudioVersion = 10.0.40219.1
Project("{9A19103F-16F7-4668-BE54-9A1E7A4F7556}") = "EMWeb", "CrudAlunoEMViewer\EMWeb.csproj", "{38F3B6B9-8229-414E-BCC1-CD6DFDF39E98}"
EndProject
Project("{9A19103F-16F7-4668-BE54-9A1E7A4F7556}") = "EMDomain", "CrudAlunoEMDomain\EMDomain.csproj", "{093FBD94-9CE0-47E6-AC42-C3993440687D}"
EndProject
Project("{9A19103F-16F7-4668-BE54-9A1E7A4F7556}") = "EMRepository", "CrudAlunoEMRepository\EMRepository.csproj", "{68F5B9D7-FC90-4C7E-A41D-EF03B70C8721}"
EndProject
Global
	GlobalSection(SolutionConfigurationPlatforms) = preSolution
		Debug|Any CPU = Debug|Any CPU
		Release|Any CPU = Release|Any CPU
	EndGlobalSection
	GlobalSection(ProjectConfigurationPlatforms) = postSolution
		{38F3B6B9-8229-414E-BCC1-CD6DFDF39E98}.Debug|Any CPU.ActiveCfg = Debug|Any CPU
		{38F3B6B9-8229-414E-BCC1-CD6DFDF39E98}.Debug|Any CPU.Build.0 = Debug|Any CPU
		{38F3B6B9-8229-414E-BCC1-CD6DFDF39E98}.Release|Any CPU.ActiveCfg = Release|Any CPU
		{38F3B6B9-8229-414E-BCC1-CD6DFDF39E98}.Release|Any CPU.Build.0 = Release|Any CPU
		{093FBD94-9CE0-47E6-AC42-C3993440687D}.Debug|Any CPU.ActiveCfg = Debug|Any CPU
		{093FBD94-9CE0-47E6-AC42-C3993440687D}.Debug|Any CPU.Build.0 = Debug|Any CPU
		{093FBD94-9CE0-47E6-AC42-C3993440687D}.Release|Any CPU.ActiveCfg = Release|Any CPU
		{093FBD94-9CE0-47E6-AC42-C3993440687D}.Release|Any CPU.Build.0 = Release|Any CPU
		{68F5B9D7-FC90-4C7E-A41D-EF03B70C8721}.Debug|Any CPU.ActiveCfg = Debug|Any CPU
		{68F5B9D7-FC90-4C7E-A41D-EF03B70C8721}.Debug|Any CPU.Build.0 = Debug|Any CPU
		{68F5B9D7-FC90-4C7E-A41D-EF03B70C8721}.Release|Any CPU.ActiveCfg = Release|Any CPU
		{68F5B9D7-FC90-4C7E-A41D-EF03B70C8721}.Release|Any CPU.Build.0 = Release|Any CPU
	EndGlobalSection
	GlobalSection(SolutionProperties) = preSolution
		HideSolutionNode = FALSE
	EndGlobalSection
	GlobalSection(ExtensibilityGlobals) = postSolution
		SolutionGuid = {510DBBC2-7F72-4904-B467-DA729EA7B4D3}
	EndGlobalSection
EndGlobal
